<?xml version="1.0" encoding="UTF-8" standalone="yes" ?>
<CodeBlocks_project_file>
	<FileVersion major="1" minor="6" />
	<Project>
		<Option title="Masuguno Tales" />
		<Option pch_mode="2" />
		<Option compiler="gcc" />
		<Build>
			<Target title="Debug">
				<Option output="bin/Debug/Masuguno Tales" prefix_auto="1" extension_auto="1" />
				<Option object_output="obj/Debug/" />
				<Option type="1" />
				<Option compiler="gcc" />
				<Compiler>
					<Add option="-std=c++14" />
					<Add option="-g" />
				</Compiler>
			</Target>
			<Target title="Release">
				<Option output="bin/Release/Masuguno Tales" prefix_auto="1" extension_auto="1" />
				<Option object_output="obj/Release/" />
				<Option type="1" />
				<Option compiler="gcc" />
				<Compiler>
					<Add option="-O2" />
				</Compiler>
				<Linker>
					<Add option="-s" />
				</Linker>
			</Target>
		</Build>
		<Compiler>
			<Add option="-Wall" />
		</Compiler>
		<Unit filename="include/Actor.h" />
		<Unit filename="include/Animation.h" />
		<Unit filename="include/Collision.h" />
		<Unit filename="include/Component/AIComponent.h" />
		<Unit filename="include/Component/ColliderComponent.h" />
		<Unit filename="include/Component/Component.h" />
		<Unit filename="include/Component/KeyboardController.h" />
		<Unit filename="include/Component/SpriteComponent.h" />
		<Unit filename="include/Component/TransformComponent.h" />
		<Unit filename="include/Entity.h" />
		<Unit filename="include/Event.h" />
		<Unit filename="include/EventManager.h" />
		<Unit filename="include/Event/ChangeMapEvent.h" />
		<Unit filename="include/Event/EventType.h" />
		<Unit filename="include/Game.h" />
		<Unit filename="include/Map.h" />
		<Unit filename="include/MapManager.h" />
		<Unit filename="include/Monster.h" />
		<Unit filename="include/TextureManager.h" />
		<Unit filename="include/Vector2D.h" />
		<Unit filename="include/Wall.h" />
		<Unit filename="include/config.h" />
		<Unit filename="main.cpp" />
		<Unit filename="src/Actor.cpp" />
		<Unit filename="src/Collision.cpp" />
		<Unit filename="src/Entity.cpp" />
		<Unit filename="src/Event.cpp" />
		<Unit filename="src/EventManager.cpp" />
		<Unit filename="src/Game.cpp" />
		<Unit filename="src/Map.cpp" />
		<Unit filename="src/MapManager.cpp" />
		<Unit filename="src/Monster.cpp" />
		<Unit filename="src/TextureManager.cpp" />
		<Unit filename="src/Vector2D.cpp" />
		<Unit filename="src/Wall.cpp" />
		<Extensions>
			<lib_finder disable_auto="1" />
		</Extensions>
	</Project>
</CodeBlocks_project_file>
