<?xml version="1.0" encoding="UTF-8" standalone="yes" ?>
<CodeBlocks_project_file>
	<FileVersion major="1" minor="6" />
	<Project>
		<Option title="Masuguno Tales" />
		<Option pch_mode="2" />
		<Option compiler="gcc" />
		<Build>
			<Target title="Debug">
				<Option output="bin/Debug/Masuguno Tales" prefix_auto="1" extension_auto="1" />
				<Option object_output="obj/Debug/" />
				<Option type="1" />
				<Option compiler="gcc" />
				<Compiler>
					<Add option="-std=c++14" />
					<Add option="-g" />
				</Compiler>
			</Target>
			<Target title="Release">
				<Option output="bin/Release/Masuguno Tales" prefix_auto="1" extension_auto="1" />
				<Option object_output="obj/Release/" />
				<Option type="1" />
				<Option compiler="gcc" />
				<Compiler>
					<Add option="-O2" />
				</Compiler>
				<Linker>
					<Add option="-s" />
				</Linker>
			</Target>
		</Build>
		<Compiler>
			<Add option="-Wall" />
		</Compiler>
		<Unit filename="main.cpp" />
		<Unit filename="src/Actor.cpp" />
		<Unit filename="src/Actor.h" />
		<Unit filename="src/Animation.h" />
		<Unit filename="src/Button.cpp" />
		<Unit filename="src/Button.h" />
		<Unit filename="src/CharacterInformation.cpp" />
		<Unit filename="src/CharacterInformation.h" />
		<Unit filename="src/Collision.cpp" />
		<Unit filename="src/Collision.h" />
		<Unit filename="src/Component/AIComponent.h" />
		<Unit filename="src/Component/ColliderComponent.h" />
		<Unit filename="src/Component/Component.h" />
		<Unit filename="src/Component/KeyboardController.h" />
		<Unit filename="src/Component/NameComponent.h" />
		<Unit filename="src/Component/SpriteComponent.h" />
		<Unit filename="src/Component/StatsComponent.h" />
		<Unit filename="src/Component/TileComponent.h" />
		<Unit filename="src/Component/TransformComponent.h" />
		<Unit filename="src/Dialogue.cpp" />
		<Unit filename="src/Dialogue.h" />
		<Unit filename="src/DialogueManager.cpp" />
		<Unit filename="src/DialogueManager.h" />
		<Unit filename="src/Entity.cpp" />
		<Unit filename="src/Entity.h" />
		<Unit filename="src/Equipment.cpp" />
		<Unit filename="src/Equipment.h" />
		<Unit filename="src/Event.cpp" />
		<Unit filename="src/Event.h" />
		<Unit filename="src/EventManager.cpp" />
		<Unit filename="src/EventManager.h" />
		<Unit filename="src/Event/ChangeMapEvent.h" />
		<Unit filename="src/Event/EventType.h" />
		<Unit filename="src/Game.cpp" />
		<Unit filename="src/Game.h" />
		<Unit filename="src/HUD.cpp" />
		<Unit filename="src/HUD.h" />
		<Unit filename="src/Hotbar.cpp" />
		<Unit filename="src/Hotbar.h" />
		<Unit filename="src/Inventory.cpp" />
		<Unit filename="src/Inventory.h" />
		<Unit filename="src/Item.cpp" />
		<Unit filename="src/Item.h" />
		<Unit filename="src/Label.cpp" />
		<Unit filename="src/Label.h" />
		<Unit filename="src/Map.cpp" />
		<Unit filename="src/Map.h" />
		<Unit filename="src/MapManager.cpp" />
		<Unit filename="src/MapManager.h" />
		<Unit filename="src/Monster.cpp" />
		<Unit filename="src/Monster.h" />
		<Unit filename="src/NPC.cpp" />
		<Unit filename="src/NPC.h" />
		<Unit filename="src/Settings.h" />
		<Unit filename="src/System.h" />
		<Unit filename="src/TextureManager.cpp" />
		<Unit filename="src/TextureManager.h" />
		<Unit filename="src/Tile.cpp" />
		<Unit filename="src/Tile.h" />
		<Unit filename="src/Vector2D.cpp" />
		<Unit filename="src/Vector2D.h" />
		<Unit filename="src/Wall.cpp" />
		<Unit filename="src/Wall.h" />
		<Unit filename="src/Window.cpp" />
		<Unit filename="src/Window.h" />
		<Extensions>
			<lib_finder disable_auto="1" />
		</Extensions>
	</Project>
</CodeBlocks_project_file>
